
Microsoft Visual Studio Solution File, Format Version 12.00
# Visual Studio Version 16
VisualStudioVersion = 16.0.31624.102
MinimumVisualStudioVersion = 10.0.40219.1
Project("{FAE04EC0-301F-11D3-BF4B-00C04F79EFBC}") = "Ejercicio_19", "Ejercicio_19\Ejercicio_19.csproj", "{AD7D821D-6137-4AB7-8896-7DE7E0CC0560}"
EndProject
Global
	GlobalSection(SolutionConfigurationPlatforms) = preSolution
		Debug|Any CPU = Debug|Any CPU
		Release|Any CPU = Release|Any CPU
	EndGlobalSection
	GlobalSection(ProjectConfigurationPlatforms) = postSolution
		{AD7D821D-6137-4AB7-8896-7DE7E0CC0560}.Debug|Any CPU.ActiveCfg = Debug|Any CPU
		{AD7D821D-6137-4AB7-8896-7DE7E0CC0560}.Debug|Any CPU.Build.0 = Debug|Any CPU
		{AD7D821D-6137-4AB7-8896-7DE7E0CC0560}.Release|Any CPU.ActiveCfg = Release|Any CPU
		{AD7D821D-6137-4AB7-8896-7DE7E0CC0560}.Release|Any CPU.Build.0 = Release|Any CPU
	EndGlobalSection
	GlobalSection(SolutionProperties) = preSolution
		HideSolutionNode = FALSE
	EndGlobalSection
	GlobalSection(ExtensibilityGlobals) = postSolution
		SolutionGuid = {62A4C15E-9B09-401A-8569-08AF9BE077AA}
	EndGlobalSection
EndGlobal
